github.com/go-openapi/jsonpointer v0.24.0 h1:AA6mCjHYHmZ+1RU2Js089EaOK/iwXXNwQsTgnsTha2M=
github.com/go-openapi/jsonpointer v0.24.0/go.mod h1:Z3rw7dWu1p9IgitXCFamSlA5lmDiklEB6vkaxcNZW5Y=
github.com/go-openapi/jsonreference v0.21.6 h1:NZ5nGfnaM1n4I43Xjm1e5/M2GjOwQwndQz22uhxwD+Y=
github.com/go-openapi/jsonreference v0.21.6/go.mod h1:xzbgtQ3ZbWxvET3AxdzCJlJt6vkovbf+IfSPJjD0tUY=
github.com/go-openapi/swag/conv v0.27.0 h1:EKOH4feXrvdo8DbSsXSAqRT8fz1epEnS5O2IfXUOzE8=
github.com/go-openapi/swag/conv v0.27.0/go.mod h1:pfiv0uKQTbaGApk8Zs/lZV3uSjmSpa2FO1y183YngN8=
github.com/go-openapi/swag/jsonname v0.27.0 h1:4QVB//CKOdE8IOiBg19JNY2wfDS48MhesIquYBy2rUE=
github.com/go-openapi/swag/jsonname v0.27.0/go.mod h1:I1YsyvvhBuZsFXSW6I7ODfdyq13p7hDil//1T9/pFFk=
github.com/go-openapi/swag/jsonutils v0.27.0 h1:VYtd9jEQYeU4j8q5vdn5KWotF4vKywhGdMBrALtAsfE=
github.com/go-openapi/swag/jsonutils v0.27.0/go.mod h1:U7pb8AGuwhok3RDicHeHwSG4L3PXSq6PAL98Aon632g=
github.com/go-openapi/swag/jsonutils/fixtures_test v0.27.0 h1:+d7C7Ur/SsGg/UZ9G0JEovnfRqtMNZCJQGKc2h/ojoE=
github.com/go-openapi/swag/jsonutils/fixtures_test v0.27.0/go.mod h1:mofwUWx70wvskwESqRJ//k/9kURmCgyJl5m5Ppoh5kY=
github.com/go-openapi/swag/loading v0.27.0 h1:s8DA9aPEdFH6OluHUYUn3DnIuoTdyWs9RwffXBUfyeI=
github.com/go-openapi/swag/loading v0.27.0/go.mod h1:VOz+Jg6UGGywcmRvYsI4fvtp+bd7NfioseGEPleYdA4=
github.com/go-openapi/swag/stringutils v0.27.0 h1:Of7w/HljWsNZvuxsUAnw3n+hCOyI6HLJOxW2kQRAxio=
github.com/go-openapi/swag/stringutils v0.27.0/go.mod h1:lzRN95CxXmA03XcDWHLOb6nOMcxCqR5rGY0lOgsfRoM=
github.com/go-openapi/swag/typeutils v0.27.0 h1:aCf4MSGo8NLwZP8Q6t32DWLJSvl/WwNqgmEG+xJ6v2o=
github.com/go-openapi/swag/typeutils v0.27.0/go.mod h1:Srm0xFNRZ1Y+vCxJclo5qzx8aj+1pAKda/YfFPrG0dQ=
github.com/go-openapi/swag/yamlutils v0.27.0 h1:bQ6eAMil5X9tdcf7dMn4t15alzG6jddnrKPuKa/zxKM=
github.com/go-openapi/swag/yamlutils v0.27.0/go.mod h1:yRfIo7qqVkmJRQjX8exjA3AfcI8rH1KDNPsTparoCv4=
github.com/go-openapi/testify/enable/yaml/v2 v2.6.0 h1:gGHwAJ0R/5jU8BEGDbfRNR3hL68dAVi84WuOApp29B0=
github.com/go-openapi/testify/enable/yaml/v2 v2.6.0/go.mod h1:tY+St1SGq4NFl0QIqdTY4aEdbChAHxhyB77XQi9iJCo=
github.com/go-openapi/testify/v2 v2.6.0 h1:5PKH2HE7YJ/LuRPQGvSxBRlFXNQhSetBLlGAgUEu3ug=
github.com/go-openapi/testify/v2 v2.6.0/go.mod h1:SgsVHtfooshd0tublTtJ50FPKhujf47YRqauXXOUxfw=
go.yaml.in/yaml/v3 v3.0.4 h1:tfq32ie2Jv2UxXFdLJdh3jXuOzWiL1fo0bu/FbuKpbc=
go.yaml.in/yaml/v3 v3.0.4/go.mod h1:DhzuOOF2ATzADvBadXxruRBLzYTpT36CKvDb3+aBEFg=
gopkg.in/check.v1 v0.0.0-20161208181325-20d25e280405 h1:yhCVgyC4o1eVCa2tZl7eS0r+SDo693bJlVdllGtEeKM=
gopkg.in/check.v1 v0.0.0-20161208181325-20d25e280405/go.mod h1:Co6ibVJAznAaIkqp8huTwlJQCZ016jof/cbN4VW5Yz0=
